Microsoft Visual Studio Solution File, Format Version 12.00
# Visual Studio Version 17
VisualStudioVersion = 17.5.2.0
MinimumVisualStudioVersion = 10.0.40219.1
Project("{FAE04EC0-301F-11D3-BF4B-00C04F79EFBC}") = "GymManagement.API", "GymManagement.API.csproj", "{FDEE2193-378D-A5A1-E63F-9F5C48ACF651}"
EndProject
Global
	GlobalSection(SolutionConfigurationPlatforms) = preSolution
		Debug|Any CPU = Debug|Any CPU
		Release|Any CPU = Release|Any CPU
	EndGlobalSection
	GlobalSection(ProjectConfigurationPlatforms) = postSolution
		{FDEE2193-378D-A5A1-E63F-9F5C48ACF651}.Debug|Any CPU.ActiveCfg = Debug|Any CPU
		{FDEE2193-378D-A5A1-E63F-9F5C48ACF651}.Debug|Any CPU.Build.0 = Debug|Any CPU
		{FDEE2193-378D-A5A1-E63F-9F5C48ACF651}.Release|Any CPU.ActiveCfg = Release|Any CPU
		{FDEE2193-378D-A5A1-E63F-9F5C48ACF651}.Release|Any CPU.Build.0 = Release|Any CPU
	EndGlobalSection
	GlobalSection(SolutionProperties) = preSolution
		HideSolutionNode = FALSE
	EndGlobalSection
	GlobalSection(ExtensibilityGlobals) = postSolution
		SolutionGuid = {66BAF2EE-887B-4E6E-8077-36515C5021EC}
	EndGlobalSection
EndGlobal
